// !$*UTF8*$!
{
	archiveVersion = 1;
	classes = {
	};
	objectVersion = 56;
	objects = {

/* Begin PBXBuildFile section */
		E412D0CA2BA0B0320072FFFD /* AccountViewModel.swift in Sources */ = {isa = PBXBuildFile; fileRef = E412D0C92BA0B0320072FFFD /* AccountViewModel.swift */; };
		E412D0CD2BA0B1730072FFFD /* String+Ext.swift in Sources */ = {isa = PBXBuildFile; fileRef = E412D0CC2BA0B1730072FFFD /* String+Ext.swift */; };
		E45689E92B9CE64F00503221 /* AppetizersApp.swift in Sources */ = {isa = PBXBuildFile; fileRef = E45689E82B9CE64F00503221 /* AppetizersApp.swift */; };
		E45689EB2B9CE64F00503221 /* AppetizerTabView.swift in Sources */ = {isa = PBXBuildFile; fileRef = E45689EA2B9CE64F00503221 /* AppetizerTabView.swift */; };
		E45689ED2B9CE65000503221 /* Assets.xcassets in Resources */ = {isa = PBXBuildFile; fileRef = E45689EC2B9CE65000503221 /* Assets.xcassets */; };
		E45689F02B9CE65000503221 /* Preview Assets.xcassets in Resources */ = {isa = PBXBuildFile; fileRef = E45689EF2B9CE65000503221 /* Preview Assets.xcassets */; };
		E45689F72B9CE96600503221 /* AppetizerListView.swift in Sources */ = {isa = PBXBuildFile; fileRef = E45689F62B9CE96600503221 /* AppetizerListView.swift */; };
		E45689F92B9CE97900503221 /* AccountView.swift in Sources */ = {isa = PBXBuildFile; fileRef = E45689F82B9CE97900503221 /* AccountView.swift */; };
		E45689FB2B9CE98000503221 /* OrderView.swift in Sources */ = {isa = PBXBuildFile; fileRef = E45689FA2B9CE98000503221 /* OrderView.swift */; };
		E45689FD2B9D11E500503221 /* Appetizer.swift in Sources */ = {isa = PBXBuildFile; fileRef = E45689FC2B9D11E500503221 /* Appetizer.swift */; };
		E45689FF2B9D180B00503221 /* AppetizerListCell.swift in Sources */ = {isa = PBXBuildFile; fileRef = E45689FE2B9D180B00503221 /* AppetizerListCell.swift */; };
		E4568A012B9D378200503221 /* NetworkManager.swift in Sources */ = {isa = PBXBuildFile; fileRef = E4568A002B9D378200503221 /* NetworkManager.swift */; };
		E4568A032B9E139200503221 /* APError.swift in Sources */ = {isa = PBXBuildFile; fileRef = E4568A022B9E139200503221 /* APError.swift */; };
		E4568A052B9F3E8900503221 /* AppetizerListViewModel.swift in Sources */ = {isa = PBXBuildFile; fileRef = E4568A042B9F3E8900503221 /* AppetizerListViewModel.swift */; };
		E4568A072B9F467C00503221 /* Alert.swift in Sources */ = {isa = PBXBuildFile; fileRef = E4568A062B9F467C00503221 /* Alert.swift */; };
		E4568A092B9F70BD00503221 /* LoadingView.swift in Sources */ = {isa = PBXBuildFile; fileRef = E4568A082B9F70BD00503221 /* LoadingView.swift */; };
		E4568A0D2B9F914B00503221 /* RemoteImage.swift in Sources */ = {isa = PBXBuildFile; fileRef = E4568A0C2B9F914B00503221 /* RemoteImage.swift */; };
		E4568A1C2B9F99CA00503221 /* AppetizerDetailView.swift in Sources */ = {isa = PBXBuildFile; fileRef = E4568A1B2B9F99CA00503221 /* AppetizerDetailView.swift */; };
		E4568A232B9FACA500503221 /* APButton.swift in Sources */ = {isa = PBXBuildFile; fileRef = E4568A222B9FACA500503221 /* APButton.swift */; };
		E4568A252B9FAD2800503221 /* XDissmissButton.swift in Sources */ = {isa = PBXBuildFile; fileRef = E4568A242B9FAD2800503221 /* XDissmissButton.swift */; };
/* End PBXBuildFile section */

/* Begin PBXFileReference section */
		E412D0C92BA0B0320072FFFD /* AccountViewModel.swift */ = {isa = PBXFileReference; lastKnownFileType = sourcecode.swift; path = AccountViewModel.swift; sourceTree = "<group>"; };
		E412D0CC2BA0B1730072FFFD /* String+Ext.swift */ = {isa = PBXFileReference; lastKnownFileType = sourcecode.swift; path = "String+Ext.swift"; sourceTree = "<group>"; };
		E45689E52B9CE64F00503221 /* Appetizers.app */ = {isa = PBXFileReference; explicitFileType = wrapper.application; includeInIndex = 0; path = Appetizers.app; sourceTree = BUILT_PRODUCTS_DIR; };
		E45689E82B9CE64F00503221 /* AppetizersApp.swift */ = {isa = PBXFileReference; lastKnownFileType = sourcecode.swift; path = AppetizersApp.swift; sourceTree = "<group>"; };
		E45689EA2B9CE64F00503221 /* AppetizerTabView.swift */ = {isa = PBXFileReference; lastKnownFileType = sourcecode.swift; path = AppetizerTabView.swift; sourceTree = "<group>"; };
		E45689EC2B9CE65000503221 /* Assets.xcassets */ = {isa = PBXFileReference; lastKnownFileType = folder.assetcatalog; path = Assets.xcassets; sourceTree = "<group>"; };
		E45689EF2B9CE65000503221 /* Preview Assets.xcassets */ = {isa = PBXFileReference; lastKnownFileType = folder.assetcatalog; path = "Preview Assets.xcassets"; sourceTree = "<group>"; };
		E45689F62B9CE96600503221 /* AppetizerListView.swift */ = {isa = PBXFileReference; lastKnownFileType = sourcecode.swift; path = AppetizerListView.swift; sourceTree = "<group>"; };
		E45689F82B9CE97900503221 /* AccountView.swift */ = {isa = PBXFileReference; lastKnownFileType = sourcecode.swift; path = AccountView.swift; sourceTree = "<group>"; };
		E45689FA2B9CE98000503221 /* OrderView.swift */ = {isa = PBXFileReference; lastKnownFileType = sourcecode.swift; path = OrderView.swift; sourceTree = "<group>"; };
		E45689FC2B9D11E500503221 /* Appetizer.swift */ = {isa = PBXFileReference; lastKnownFileType = sourcecode.swift; path = Appetizer.swift; sourceTree = "<group>"; };
		E45689FE2B9D180B00503221 /* AppetizerListCell.swift */ = {isa = PBXFileReference; lastKnownFileType = sourcecode.swift; path = AppetizerListCell.swift; sourceTree = "<group>"; };
		E4568A002B9D378200503221 /* NetworkManager.swift */ = {isa = PBXFileReference; lastKnownFileType = sourcecode.swift; path = NetworkManager.swift; sourceTree = "<group>"; };
		E4568A022B9E139200503221 /* APError.swift */ = {isa = PBXFileReference; lastKnownFileType = sourcecode.swift; path = APError.swift; sourceTree = "<group>"; };
		E4568A042B9F3E8900503221 /* AppetizerListViewModel.swift */ = {isa = PBXFileReference; lastKnownFileType = sourcecode.swift; path = AppetizerListViewModel.swift; sourceTree = "<group>"; };
		E4568A062B9F467C00503221 /* Alert.swift */ = {isa = PBXFileReference; lastKnownFileType = sourcecode.swift; path = Alert.swift; sourceTree = "<group>"; };
		E4568A082B9F70BD00503221 /* LoadingView.swift */ = {isa = PBXFileReference; lastKnownFileType = sourcecode.swift; path = LoadingView.swift; sourceTree = "<group>"; };
		E4568A0C2B9F914B00503221 /* RemoteImage.swift */ = {isa = PBXFileReference; lastKnownFileType = sourcecode.swift; path = RemoteImage.swift; sourceTree = "<group>"; };
		E4568A1B2B9F99CA00503221 /* AppetizerDetailView.swift */ = {isa = PBXFileReference; lastKnownFileType = sourcecode.swift; path = AppetizerDetailView.swift; sourceTree = "<group>"; };
		E4568A222B9FACA500503221 /* APButton.swift */ = {isa = PBXFileReference; lastKnownFileType = sourcecode.swift; path = APButton.swift; sourceTree = "<group>"; };
		E4568A242B9FAD2800503221 /* XDissmissButton.swift */ = {isa = PBXFileReference; lastKnownFileType = sourcecode.swift; path = XDissmissButton.swift; sourceTree = "<group>"; };
/* End PBXFileReference section */

/* Begin PBXFrameworksBuildPhase section */
		E45689E22B9CE64F00503221 /* Frameworks */ = {
			isa = PBXFrameworksBuildPhase;
			buildActionMask = 2147483647;
			files = (
			);
			runOnlyForDeploymentPostprocessing = 0;
		};
/* End PBXFrameworksBuildPhase section */

/* Begin PBXGroup section */
		E412D0CB2BA0B1690072FFFD /* Extensions */ = {
			isa = PBXGroup;
			children = (
				E412D0CC2BA0B1730072FFFD /* String+Ext.swift */,
			);
			path = Extensions;
			sourceTree = "<group>";
		};
		E45689DC2B9CE64F00503221 = {
			isa = PBXGroup;
			children = (
				E45689E72B9CE64F00503221 /* Appetizers */,
				E45689E62B9CE64F00503221 /* Products */,
			);
			sourceTree = "<group>";
		};
		E45689E62B9CE64F00503221 /* Products */ = {
			isa = PBXGroup;
			children = (
				E45689E52B9CE64F00503221 /* Appetizers.app */,
			);
			name = Products;
			sourceTree = "<group>";
		};
		E45689E72B9CE64F00503221 /* Appetizers */ = {
			isa = PBXGroup;
			children = (
				E4568A172B9F97C300503221 /* Views */,
				E4568A162B9F979D00503221 /* Model */,
				E4568A122B9F975B00503221 /* Utilities */,
				E4568A0E2B9F970C00503221 /* Screens */,
				E45689E82B9CE64F00503221 /* AppetizersApp.swift */,
				E45689EC2B9CE65000503221 /* Assets.xcassets */,
				E45689EE2B9CE65000503221 /* Preview Content */,
			);
			path = Appetizers;
			sourceTree = "<group>";
		};
		E45689EE2B9CE65000503221 /* Preview Content */ = {
			isa = PBXGroup;
			children = (
				E45689EF2B9CE65000503221 /* Preview Assets.xcassets */,
			);
			path = "Preview Content";
			sourceTree = "<group>";
		};
		E4568A0E2B9F970C00503221 /* Screens */ = {
			isa = PBXGroup;
			children = (
				E45689EA2B9CE64F00503221 /* AppetizerTabView.swift */,
				E4568A0F2B9F971800503221 /* AppetizerListView */,
				E4568A112B9F972500503221 /* OrderView */,
				E4568A102B9F972000503221 /* AccountView */,
			);
			path = Screens;
			sourceTree = "<group>";
		};
		E4568A0F2B9F971800503221 /* AppetizerListView */ = {
			isa = PBXGroup;
			children = (
				E4568A042B9F3E8900503221 /* AppetizerListViewModel.swift */,
				E45689F62B9CE96600503221 /* AppetizerListView.swift */,
				E4568A1B2B9F99CA00503221 /* AppetizerDetailView.swift */,
			);
			path = AppetizerListView;
			sourceTree = "<group>";
		};
		E4568A102B9F972000503221 /* AccountView */ = {
			isa = PBXGroup;
			children = (
				E412D0C92BA0B0320072FFFD /* AccountViewModel.swift */,
				E45689F82B9CE97900503221 /* AccountView.swift */,
			);
			path = AccountView;
			sourceTree = "<group>";
		};
		E4568A112B9F972500503221 /* OrderView */ = {
			isa = PBXGroup;
			children = (
				E45689FA2B9CE98000503221 /* OrderView.swift */,
			);
			path = OrderView;
			sourceTree = "<group>";
		};
		E4568A122B9F975B00503221 /* Utilities */ = {
			isa = PBXGroup;
			children = (
				E412D0CB2BA0B1690072FFFD /* Extensions */,
				E4568A152B9F978000503221 /* Alert */,
				E4568A132B9F976000503221 /* Managers */,
			);
			path = Utilities;
			sourceTree = "<group>";
		};
		E4568A132B9F976000503221 /* Managers */ = {
			isa = PBXGroup;
			children = (
				E4568A002B9D378200503221 /* NetworkManager.swift */,
			);
			path = Managers;
			sourceTree = "<group>";
		};
		E4568A152B9F978000503221 /* Alert */ = {
			isa = PBXGroup;
			children = (
				E4568A022B9E139200503221 /* APError.swift */,
				E4568A062B9F467C00503221 /* Alert.swift */,
			);
			path = Alert;
			sourceTree = "<group>";
		};
		E4568A162B9F979D00503221 /* Model */ = {
			isa = PBXGroup;
			children = (
				E45689FC2B9D11E500503221 /* Appetizer.swift */,
			);
			path = Model;
			sourceTree = "<group>";
		};
		E4568A172B9F97C300503221 /* Views */ = {
			isa = PBXGroup;
			children = (
				E4568A1D2B9FAC4700503221 /* Buttons */,
				E4568A1A2B9F97D900503221 /* Image */,
				E4568A192B9F97D100503221 /* Cells */,
				E4568A182B9F97C900503221 /* UIKit Components */,
			);
			path = Views;
			sourceTree = "<group>";
		};
		E4568A182B9F97C900503221 /* UIKit Components */ = {
			isa = PBXGroup;
			children = (
				E4568A082B9F70BD00503221 /* LoadingView.swift */,
			);
			path = "UIKit Components";
			sourceTree = "<group>";
		};
		E4568A192B9F97D100503221 /* Cells */ = {
			isa = PBXGroup;
			children = (
				E45689FE2B9D180B00503221 /* AppetizerListCell.swift */,
			);
			path = Cells;
			sourceTree = "<group>";
		};
		E4568A1A2B9F97D900503221 /* Image */ = {
			isa = PBXGroup;
			children = (
				E4568A0C2B9F914B00503221 /* RemoteImage.swift */,
			);
			path = Image;
			sourceTree = "<group>";
		};
		E4568A1D2B9FAC4700503221 /* Buttons */ = {
			isa = PBXGroup;
			children = (
				E4568A222B9FACA500503221 /* APButton.swift */,
				E4568A242B9FAD2800503221 /* XDissmissButton.swift */,
			);
			path = Buttons;
			sourceTree = "<group>";
		};
/* End PBXGroup section */

/* Begin PBXNativeTarget section */
		E45689E42B9CE64F00503221 /* Appetizers */ = {
			isa = PBXNativeTarget;
			buildConfigurationList = E45689F32B9CE65000503221 /* Build configuration list for PBXNativeTarget "Appetizers" */;
			buildPhases = (
				E45689E12B9CE64F00503221 /* Sources */,
				E45689E22B9CE64F00503221 /* Frameworks */,
				E45689E32B9CE64F00503221 /* Resources */,
			);
			buildRules = (
			);
			dependencies = (
			);
			name = Appetizers;
			productName = Appetizers;
			productReference = E45689E52B9CE64F00503221 /* Appetizers.app */;
			productType = "com.apple.product-type.application";
		};
/* End PBXNativeTarget section */

/* Begin PBXProject section */
		E45689DD2B9CE64F00503221 /* Project object */ = {
			isa = PBXProject;
			attributes = {
				BuildIndependentTargetsInParallel = 1;
				LastSwiftUpdateCheck = 1530;
				LastUpgradeCheck = 1530;
				TargetAttributes = {
					E45689E42B9CE64F00503221 = {
						CreatedOnToolsVersion = 15.3;
					};
				};
			};
			buildConfigurationList = E45689E02B9CE64F00503221 /* Build configuration list for PBXProject "Appetizers" */;
			compatibilityVersion = "Xcode 14.0";
			developmentRegion = en;
			hasScannedForEncodings = 0;
			knownRegions = (
				en,
				Base,
			);
			mainGroup = E45689DC2B9CE64F00503221;
			productRefGroup = E45689E62B9CE64F00503221 /* Products */;
			projectDirPath = "";
			projectRoot = "";
			targets = (
				E45689E42B9CE64F00503221 /* Appetizers */,
			);
		};
/* End PBXProject section */

/* Begin PBXResourcesBuildPhase section */
		E45689E32B9CE64F00503221 /* Resources */ = {
			isa = PBXResourcesBuildPhase;
			buildActionMask = 2147483647;
			files = (
				E45689F02B9CE65000503221 /* Preview Assets.xcassets in Resources */,
				E45689ED2B9CE65000503221 /* Assets.xcassets in Resources */,
			);
			runOnlyForDeploymentPostprocessing = 0;
		};
/* End PBXResourcesBuildPhase section */

/* Begin PBXSourcesBuildPhase section */
		E45689E12B9CE64F00503221 /* Sources */ = {
			isa = PBXSourcesBuildPhase;
			buildActionMask = 2147483647;
			files = (
				E412D0CD2BA0B1730072FFFD /* String+Ext.swift in Sources */,
				E45689FD2B9D11E500503221 /* Appetizer.swift in Sources */,
				E4568A032B9E139200503221 /* APError.swift in Sources */,
				E45689FF2B9D180B00503221 /* AppetizerListCell.swift in Sources */,
				E4568A252B9FAD2800503221 /* XDissmissButton.swift in Sources */,
				E4568A232B9FACA500503221 /* APButton.swift in Sources */,
				E4568A052B9F3E8900503221 /* AppetizerListViewModel.swift in Sources */,
				E45689F92B9CE97900503221 /* AccountView.swift in Sources */,
				E4568A092B9F70BD00503221 /* LoadingView.swift in Sources */,
				E4568A0D2B9F914B00503221 /* RemoteImage.swift in Sources */,
				E45689EB2B9CE64F00503221 /* AppetizerTabView.swift in Sources */,
				E4568A1C2B9F99CA00503221 /* AppetizerDetailView.swift in Sources */,
				E4568A012B9D378200503221 /* NetworkManager.swift in Sources */,
				E45689E92B9CE64F00503221 /* AppetizersApp.swift in Sources */,
				E4568A072B9F467C00503221 /* Alert.swift in Sources */,
				E45689F72B9CE96600503221 /* AppetizerListView.swift in Sources */,
				E412D0CA2BA0B0320072FFFD /* AccountViewModel.swift in Sources */,
				E45689FB2B9CE98000503221 /* OrderView.swift in Sources */,
			);
			runOnlyForDeploymentPostprocessing = 0;
		};
/* End PBXSourcesBuildPhase section */

/* Begin XCBuildConfiguration section */
		E45689F12B9CE65000503221 /* Debug */ = {
			isa = XCBuildConfiguration;
			buildSettings = {
				ALWAYS_SEARCH_USER_PATHS = NO;
				ASSETCATALOG_COMPILER_GENERATE_SWIFT_ASSET_SYMBOL_EXTENSIONS = YES;
				CLANG_ANALYZER_NONNULL = YES;
				CLANG_ANALYZER_NUMBER_OBJECT_CONVERSION = YES_AGGRESSIVE;
				CLANG_CXX_LANGUAGE_STANDARD = "gnu++20";
				CLANG_ENABLE_MODULES = YES;
				CLANG_ENABLE_OBJC_ARC = YES;
				CLANG_ENABLE_OBJC_WEAK = YES;
				CLANG_WARN_BLOCK_CAPTURE_AUTORELEASING = YES;
				CLANG_WARN_BOOL_CONVERSION = YES;
				CLANG_WARN_COMMA = YES;
				CLANG_WARN_CONSTANT_CONVERSION = YES;
				CLANG_WARN_DEPRECATED_OBJC_IMPLEMENTATIONS = YES;
				CLANG_WARN_DIRECT_OBJC_ISA_USAGE = YES_ERROR;
				CLANG_WARN_DOCUMENTATION_COMMENTS = YES;
				CLANG_WARN_EMPTY_BODY = YES;
				CLANG_WARN_ENUM_CONVERSION = YES;
				CLANG_WARN_INFINITE_RECURSION = YES;
				CLANG_WARN_INT_CONVERSION = YES;
				CLANG_WARN_NON_LITERAL_NULL_CONVERSION = YES;
				CLANG_WARN_OBJC_IMPLICIT_RETAIN_SELF = YES;
				CLANG_WARN_OBJC_LITERAL_CONVERSION = YES;
				CLANG_WARN_OBJC_ROOT_CLASS = YES_ERROR;
				CLANG_WARN_QUOTED_INCLUDE_IN_FRAMEWORK_HEADER = YES;
				CLANG_WARN_RANGE_LOOP_ANALYSIS = YES;
				CLANG_WARN_STRICT_PROTOTYPES = YES;
				CLANG_WARN_SUSPICIOUS_MOVE = YES;
				CLANG_WARN_UNGUARDED_AVAILABILITY = YES_AGGRESSIVE;
				CLANG_WARN_UNREACHABLE_CODE = YES;
				CLANG_WARN__DUPLICATE_METHOD_MATCH = YES;
				COPY_PHASE_STRIP = NO;
				DEBUG_INFORMATION_FORMAT = dwarf;
				ENABLE_STRICT_OBJC_MSGSEND = YES;
				ENABLE_TESTABILITY = YES;
				ENABLE_USER_SCRIPT_SANDBOXING = YES;
				GCC_C_LANGUAGE_STANDARD = gnu17;
				GCC_DYNAMIC_NO_PIC = NO;
				GCC_NO_COMMON_BLOCKS = YES;
				GCC_OPTIMIZATION_LEVEL = 0;
				GCC_PREPROCESSOR_DEFINITIONS = (
					"DEBUG=1",
					"$(inherited)",
				);
				GCC_WARN_64_TO_32_BIT_CONVERSION = YES;
				GCC_WARN_ABOUT_RETURN_TYPE = YES_ERROR;
				GCC_WARN_UNDECLARED_SELECTOR = YES;
				GCC_WARN_UNINITIALIZED_AUTOS = YES_AGGRESSIVE;
				GCC_WARN_UNUSED_FUNCTION = YES;
				GCC_WARN_UNUSED_VARIABLE = YES;
				IPHONEOS_DEPLOYMENT_TARGET = 17.4;
				LOCALIZATION_PREFERS_STRING_CATALOGS = YES;
				MTL_ENABLE_DEBUG_INFO = INCLUDE_SOURCE;
				MTL_FAST_MATH = YES;
				ONLY_ACTIVE_ARCH = YES;
				SDKROOT = iphoneos;
				SWIFT_ACTIVE_COMPILATION_CONDITIONS = "DEBUG $(inherited)";
				SWIFT_OPTIMIZATION_LEVEL = "-Onone";
			};
			name = Debug;
		};
		E45689F22B9CE65000503221 /* Release */ = {
			isa = XCBuildConfiguration;
			buildSettings = {
				ALWAYS_SEARCH_USER_PATHS = NO;
				ASSETCATALOG_COMPILER_GENERATE_SWIFT_ASSET_SYMBOL_EXTENSIONS = YES;
				CLANG_ANALYZER_NONNULL = YES;
				CLANG_ANALYZER_NUMBER_OBJECT_CONVERSION = YES_AGGRESSIVE;
				CLANG_CXX_LANGUAGE_STANDARD = "gnu++20";
				CLANG_ENABLE_MODULES = YES;
				CLANG_ENABLE_OBJC_ARC = YES;
				CLANG_ENABLE_OBJC_WEAK = YES;
				CLANG_WARN_BLOCK_CAPTURE_AUTORELEASING = YES;
				CLANG_WARN_BOOL_CONVERSION = YES;
				CLANG_WARN_COMMA = YES;
				CLANG_WARN_CONSTANT_CONVERSION = YES;
				CLANG_WARN_DEPRECATED_OBJC_IMPLEMENTATIONS = YES;
				CLANG_WARN_DIRECT_OBJC_ISA_USAGE = YES_ERROR;
				CLANG_WARN_DOCUMENTATION_COMMENTS = YES;
				CLANG_WARN_EMPTY_BODY = YES;
				CLANG_WARN_ENUM_CONVERSION = YES;
				CLANG_WARN_INFINITE_RECURSION = YES;
				CLANG_WARN_INT_CONVERSION = YES;
				CLANG_WARN_NON_LITERAL_NULL_CONVERSION = YES;
				CLANG_WARN_OBJC_IMPLICIT_RETAIN_SELF = YES;
				CLANG_WARN_OBJC_LITERAL_CONVERSION = YES;
				CLANG_WARN_OBJC_ROOT_CLASS = YES_ERROR;
				CLANG_WARN_QUOTED_INCLUDE_IN_FRAMEWORK_HEADER = YES;
				CLANG_WARN_RANGE_LOOP_ANALYSIS = YES;
				CLANG_WARN_STRICT_PROTOTYPES = YES;
				CLANG_WARN_SUSPICIOUS_MOVE = YES;
				CLANG_WARN_UNGUARDED_AVAILABILITY = YES_AGGRESSIVE;
				CLANG_WARN_UNREACHABLE_CODE = YES;
				CLANG_WARN__DUPLICATE_METHOD_MATCH = YES;
				COPY_PHASE_STRIP = NO;
				DEBUG_INFORMATION_FORMAT = "dwarf-with-dsym";
				ENABLE_NS_ASSERTIONS = NO;
				ENABLE_STRICT_OBJC_MSGSEND = YES;
				ENABLE_USER_SCRIPT_SANDBOXING = YES;
				GCC_C_LANGUAGE_STANDARD = gnu17;
				GCC_NO_COMMON_BLOCKS = YES;
				GCC_WARN_64_TO_32_BIT_CONVERSION = YES;
				GCC_WARN_ABOUT_RETURN_TYPE = YES_ERROR;
				GCC_WARN_UNDECLARED_SELECTOR = YES;
				GCC_WARN_UNINITIALIZED_AUTOS = YES_AGGRESSIVE;
				GCC_WARN_UNUSED_FUNCTION = YES;
				GCC_WARN_UNUSED_VARIABLE = YES;
				IPHONEOS_DEPLOYMENT_TARGET = 17.4;
				LOCALIZATION_PREFERS_STRING_CATALOGS = YES;
				MTL_ENABLE_DEBUG_INFO = NO;
				MTL_FAST_MATH = YES;
				SDKROOT = iphoneos;
				SWIFT_COMPILATION_MODE = wholemodule;
				VALIDATE_PRODUCT = YES;
			};
			name = Release;
		};
		E45689F42B9CE65000503221 /* Debug */ = {
			isa = XCBuildConfiguration;
			buildSettings = {
				ASSETCATALOG_COMPILER_APPICON_NAME = AppIcon;
				ASSETCATALOG_COMPILER_GLOBAL_ACCENT_COLOR_NAME = AccentColor;
				CODE_SIGN_STYLE = Automatic;
				CURRENT_PROJECT_VERSION = 1;
				DEVELOPMENT_ASSET_PATHS = "\"Appetizers/Preview Content\"";
				ENABLE_PREVIEWS = YES;
				GENERATE_INFOPLIST_FILE = YES;
				INFOPLIST_KEY_UIApplicationSceneManifest_Generation = YES;
				INFOPLIST_KEY_UIApplicationSupportsIndirectInputEvents = YES;
				INFOPLIST_KEY_UILaunchScreen_Generation = YES;
				INFOPLIST_KEY_UISupportedInterfaceOrientations_iPad = "UIInterfaceOrientationPortrait UIInterfaceOrientationPortraitUpsideDown UIInterfaceOrientationLandscapeLeft UIInterfaceOrientationLandscapeRight";
				INFOPLIST_KEY_UISupportedInterfaceOrientations_iPhone = "UIInterfaceOrientationPortrait UIInterfaceOrientationLandscapeLeft UIInterfaceOrientationLandscapeRight";
				LD_RUNPATH_SEARCH_PATHS = (
					"$(inherited)",
					"@executable_path/Frameworks",
				);
				MARKETING_VERSION = 1.0;
				PRODUCT_BUNDLE_IDENTIFIER = furtunavlad.Appetizers;
				PRODUCT_NAME = "$(TARGET_NAME)";
				SWIFT_EMIT_LOC_STRINGS = YES;
				SWIFT_VERSION = 5.0;
				TARGETED_DEVICE_FAMILY = "1,2";
			};
			name = Debug;
		};
		E45689F52B9CE65000503221 /* Release */ = {
			isa = XCBuildConfiguration;
			buildSettings = {
				ASSETCATALOG_COMPILER_APPICON_NAME = AppIcon;
				ASSETCATALOG_COMPILER_GLOBAL_ACCENT_COLOR_NAME = AccentColor;
				CODE_SIGN_STYLE = Automatic;
				CURRENT_PROJECT_VERSION = 1;
				DEVELOPMENT_ASSET_PATHS = "\"Appetizers/Preview Content\"";
				ENABLE_PREVIEWS = YES;
				GENERATE_INFOPLIST_FILE = YES;
				INFOPLIST_KEY_UIApplicationSceneManifest_Generation = YES;
				INFOPLIST_KEY_UIApplicationSupportsIndirectInputEvents = YES;
				INFOPLIST_KEY_UILaunchScreen_Generation = YES;
				INFOPLIST_KEY_UISupportedInterfaceOrientations_iPad = "UIInterfaceOrientationPortrait UIInterfaceOrientationPortraitUpsideDown UIInterfaceOrientationLandscapeLeft UIInterfaceOrientationLandscapeRight";
				INFOPLIST_KEY_UISupportedInterfaceOrientations_iPhone = "UIInterfaceOrientationPortrait UIInterfaceOrientationLandscapeLeft UIInterfaceOrientationLandscapeRight";
				LD_RUNPATH_SEARCH_PATHS = (
					"$(inherited)",
					"@executable_path/Frameworks",
				);
				MARKETING_VERSION = 1.0;
				PRODUCT_BUNDLE_IDENTIFIER = furtunavlad.Appetizers;
				PRODUCT_NAME = "$(TARGET_NAME)";
				SWIFT_EMIT_LOC_STRINGS = YES;
				SWIFT_VERSION = 5.0;
				TARGETED_DEVICE_FAMILY = "1,2";
			};
			name = Release;
		};
/* End XCBuildConfiguration section */

/* Begin XCConfigurationList section */
		E45689E02B9CE64F00503221 /* Build configuration list for PBXProject "Appetizers" */ = {
			isa = XCConfigurationList;
			buildConfigurations = (
				E45689F12B9CE65000503221 /* Debug */,
				E45689F22B9CE65000503221 /* Release */,
			);
			defaultConfigurationIsVisible = 0;
			defaultConfigurationName = Release;
		};
		E45689F32B9CE65000503221 /* Build configuration list for PBXNativeTarget "Appetizers" */ = {
			isa = XCConfigurationList;
			buildConfigurations = (
				E45689F42B9CE65000503221 /* Debug */,
				E45689F52B9CE65000503221 /* Release */,
			);
			defaultConfigurationIsVisible = 0;
			defaultConfigurationName = Release;
		};
/* End XCConfigurationList section */
	};
	rootObject = E45689DD2B9CE64F00503221 /* Project object */;
}
